
Microsoft Visual Studio Solution File, Format Version 12.00
# Visual Studio Version 16
VisualStudioVersion = 16.0.30114.105
MinimumVisualStudioVersion = 10.0.40219.1
Project("{FAE04EC0-301F-11D3-BF4B-00C04F79EFBC}") = "NetMaximum.Kafka", "src\NetMaximum.Kafka\NetMaximum.Kafka.csproj", "{77BFAAC7-5357-4188-9471-2EAD811D4670}"
EndProject
Project("{2150E333-8FDC-42A3-9474-1A3956D46DE8}") = "support", "support", "{6B02E278-01CD-477F-AC49-8D2BD09868CA}"
	ProjectSection(SolutionItems) = preProject
		.github\workflows\NetMaximum.Kafka.yml = .github\workflows\NetMaximum.Kafka.yml
		GitVersion.yml = GitVersion.yml
	EndProjectSection
EndProject
Global
	GlobalSection(SolutionConfigurationPlatforms) = preSolution
		Debug|Any CPU = Debug|Any CPU
		Release|Any CPU = Release|Any CPU
	EndGlobalSection
	GlobalSection(SolutionProperties) = preSolution
		HideSolutionNode = FALSE
	EndGlobalSection
	GlobalSection(ProjectConfigurationPlatforms) = postSolution
		{77BFAAC7-5357-4188-9471-2EAD811D4670}.Debug|Any CPU.ActiveCfg = Debug|Any CPU
		{77BFAAC7-5357-4188-9471-2EAD811D4670}.Debug|Any CPU.Build.0 = Debug|Any CPU
		{77BFAAC7-5357-4188-9471-2EAD811D4670}.Release|Any CPU.ActiveCfg = Release|Any CPU
		{77BFAAC7-5357-4188-9471-2EAD811D4670}.Release|Any CPU.Build.0 = Release|Any CPU
	EndGlobalSection
EndGlobal
